// !$*UTF8*$!
{
	archiveVersion = 1;
	classes = {
	};
	objectVersion = 56;
	objects = {

/* Begin PBXBuildFile section */
		A4D727062A15DC0A00A00E16 /* CustomTabBarItem.swift in Sources */ = {isa = PBXBuildFile; fileRef = A4D727052A15DC0A00A00E16 /* CustomTabBarItem.swift */; };
		A4D727082A15DC8700A00E16 /* UIButton+.swift in Sources */ = {isa = PBXBuildFile; fileRef = A4D727072A15DC8700A00E16 /* UIButton+.swift */; };
		A4D7270A2A15DCEF00A00E16 /* CustomTabBarView.swift in Sources */ = {isa = PBXBuildFile; fileRef = A4D727092A15DCEF00A00E16 /* CustomTabBarView.swift */; };
		A4D7270C2A15DD8700A00E16 /* HomeViewController.swift in Sources */ = {isa = PBXBuildFile; fileRef = A4D7270B2A15DD8700A00E16 /* HomeViewController.swift */; };
		C0066C122A11F56A00EC40FB /* BMHANNAPro.ttf in Resources */ = {isa = PBXBuildFile; fileRef = C0066C112A11F56A00EC40FB /* BMHANNAPro.ttf */; };
		C0066C182A127AF800EC40FB /* OrderDetail.swift in Sources */ = {isa = PBXBuildFile; fileRef = C0066C172A127AF800EC40FB /* OrderDetail.swift */; };
		C0066C1A2A127F2F00EC40FB /* Home.swift in Sources */ = {isa = PBXBuildFile; fileRef = C0066C192A127F2F00EC40FB /* Home.swift */; };
		C0066C1C2A139F4B00EC40FB /* StoreDetail.swift in Sources */ = {isa = PBXBuildFile; fileRef = C0066C1B2A139F4B00EC40FB /* StoreDetail.swift */; };
		C00E1C882A13A80900F87D5B /* OrderDetailHeaderView.swift in Sources */ = {isa = PBXBuildFile; fileRef = C00E1C872A13A80900F87D5B /* OrderDetailHeaderView.swift */; };
		C00E1C8C2A13ABB400F87D5B /* OrderDetailViewController.swift in Sources */ = {isa = PBXBuildFile; fileRef = C00E1C8B2A13ABB400F87D5B /* OrderDetailViewController.swift */; };
		C00E1C8E2A13B83F00F87D5B /* Int+.swift in Sources */ = {isa = PBXBuildFile; fileRef = C00E1C8D2A13B83F00F87D5B /* Int+.swift */; };
		C00E1C922A13BDA400F87D5B /* AddMenuTableViewCell.swift in Sources */ = {isa = PBXBuildFile; fileRef = C00E1C912A13BDA400F87D5B /* AddMenuTableViewCell.swift */; };
		C00E1C952A13BE4400F87D5B /* CheckBox.swift in Sources */ = {isa = PBXBuildFile; fileRef = C00E1C942A13BE4400F87D5B /* CheckBox.swift */; };
		C00E1C972A13DAFB00F87D5B /* OrderDetailSectionHeaderView.swift in Sources */ = {isa = PBXBuildFile; fileRef = C00E1C962A13DAFB00F87D5B /* OrderDetailSectionHeaderView.swift */; };
		C00E1C992A13DB3700F87D5B /* ChoiceChipView.swift in Sources */ = {isa = PBXBuildFile; fileRef = C00E1C982A13DB3700F87D5B /* ChoiceChipView.swift */; };
		C00E1C9D2A13F28B00F87D5B /* BMBasicButton.swift in Sources */ = {isa = PBXBuildFile; fileRef = C00E1C9C2A13F28B00F87D5B /* BMBasicButton.swift */; };
		C00E1C9F2A13F4B900F87D5B /* PriceInfoView.swift in Sources */ = {isa = PBXBuildFile; fileRef = C00E1C9E2A13F4B900F87D5B /* PriceInfoView.swift */; };
		C00E1CA12A13F88300F87D5B /* SeperateView.swift in Sources */ = {isa = PBXBuildFile; fileRef = C00E1CA02A13F88300F87D5B /* SeperateView.swift */; };
		C00E1CA32A13F9E900F87D5B /* OrderDetailFooterViewView.swift in Sources */ = {isa = PBXBuildFile; fileRef = C00E1CA22A13F9E900F87D5B /* OrderDetailFooterViewView.swift */; };
		C00E1CA52A13FA5700F87D5B /* MenuStepperView.swift in Sources */ = {isa = PBXBuildFile; fileRef = C00E1CA42A13FA5700F87D5B /* MenuStepperView.swift */; };
		C00E1CA72A147C1100F87D5B /* BMNavigationBar.swift in Sources */ = {isa = PBXBuildFile; fileRef = C00E1CA62A147C1100F87D5B /* BMNavigationBar.swift */; };
		C00E1CAA2A162BFB00F87D5B /* Card.swift in Sources */ = {isa = PBXBuildFile; fileRef = C00E1CA92A162BFB00F87D5B /* Card.swift */; };
		C01BB0E42A0FB27B0008C814 /* AppDelegate.swift in Sources */ = {isa = PBXBuildFile; fileRef = C01BB0E32A0FB27B0008C814 /* AppDelegate.swift */; };
		C01BB0E62A0FB27B0008C814 /* SceneDelegate.swift in Sources */ = {isa = PBXBuildFile; fileRef = C01BB0E52A0FB27B0008C814 /* SceneDelegate.swift */; };
		C01BB0E82A0FB27B0008C814 /* TestViewController.swift in Sources */ = {isa = PBXBuildFile; fileRef = C01BB0E72A0FB27B0008C814 /* TestViewController.swift */; };
		C01BB0ED2A0FB27C0008C814 /* Assets.xcassets in Resources */ = {isa = PBXBuildFile; fileRef = C01BB0EC2A0FB27C0008C814 /* Assets.xcassets */; };
		C01BB0F92A0FB6CA0008C814 /* SnapKit in Frameworks */ = {isa = PBXBuildFile; productRef = C01BB0F82A0FB6CA0008C814 /* SnapKit */; };
		C01BB0FC2A0FB6D10008C814 /* Then in Frameworks */ = {isa = PBXBuildFile; productRef = C01BB0FB2A0FB6D10008C814 /* Then */; };
		C01BB1062A0FB70C0008C814 /* DesignSystem.docc in Sources */ = {isa = PBXBuildFile; fileRef = C01BB1052A0FB70C0008C814 /* DesignSystem.docc */; };
		C01BB10C2A0FB70C0008C814 /* DesignSystem.framework in Frameworks */ = {isa = PBXBuildFile; fileRef = C01BB1022A0FB70C0008C814 /* DesignSystem.framework */; };
		C01BB1142A0FB70C0008C814 /* DesignSystem.h in Headers */ = {isa = PBXBuildFile; fileRef = C01BB1042A0FB70C0008C814 /* DesignSystem.h */; settings = {ATTRIBUTES = (Public, ); }; };
		C01BB1172A0FB70C0008C814 /* DesignSystem.framework in Frameworks */ = {isa = PBXBuildFile; fileRef = C01BB1022A0FB70C0008C814 /* DesignSystem.framework */; };
		C01BB1182A0FB70C0008C814 /* DesignSystem.framework in Embed Frameworks */ = {isa = PBXBuildFile; fileRef = C01BB1022A0FB70C0008C814 /* DesignSystem.framework */; settings = {ATTRIBUTES = (CodeSignOnCopy, RemoveHeadersOnCopy, ); }; };
		C01BB1222A0FB7200008C814 /* Font.swift in Sources */ = {isa = PBXBuildFile; fileRef = C01BB1212A0FB7200008C814 /* Font.swift */; };
		C01BB1242A0FB73F0008C814 /* UIFont+.swift in Sources */ = {isa = PBXBuildFile; fileRef = C01BB1232A0FB73F0008C814 /* UIFont+.swift */; };
		C01BB13B2A0FB8640008C814 /* Pretendard-Medium.ttf in Resources */ = {isa = PBXBuildFile; fileRef = C01BB1342A0FB8630008C814 /* Pretendard-Medium.ttf */; };
		C01BB13C2A0FB8640008C814 /* Pretendard-Bold.ttf in Resources */ = {isa = PBXBuildFile; fileRef = C01BB1352A0FB8630008C814 /* Pretendard-Bold.ttf */; };
		C01BB13D2A0FB8640008C814 /* Pretendard-Light.ttf in Resources */ = {isa = PBXBuildFile; fileRef = C01BB1362A0FB8640008C814 /* Pretendard-Light.ttf */; };
		C01BB13E2A0FB8640008C814 /* Pretendard-ExtraLight.ttf in Resources */ = {isa = PBXBuildFile; fileRef = C01BB1372A0FB8640008C814 /* Pretendard-ExtraLight.ttf */; };
		C01BB13F2A0FB8640008C814 /* Pretendard-Thin.ttf in Resources */ = {isa = PBXBuildFile; fileRef = C01BB1382A0FB8640008C814 /* Pretendard-Thin.ttf */; };
		C01BB1402A0FB8640008C814 /* Pretendard-Regular.ttf in Resources */ = {isa = PBXBuildFile; fileRef = C01BB1392A0FB8640008C814 /* Pretendard-Regular.ttf */; };
		C01BB1412A0FB8640008C814 /* Pretendard-SemiBold.ttf in Resources */ = {isa = PBXBuildFile; fileRef = C01BB13A2A0FB8640008C814 /* Pretendard-SemiBold.ttf */; };
		C01BB1442A0FBAA70008C814 /* Palette.swift in Sources */ = {isa = PBXBuildFile; fileRef = C01BB1432A0FBAA70008C814 /* Palette.swift */; };
		C01BB1462A0FBAEB0008C814 /* UIColor+.swift in Sources */ = {isa = PBXBuildFile; fileRef = C01BB1452A0FBAEB0008C814 /* UIColor+.swift */; };
		C01BB1482A0FBB5E0008C814 /* CGColor+.swift in Sources */ = {isa = PBXBuildFile; fileRef = C01BB1472A0FBB5E0008C814 /* CGColor+.swift */; };
		C01BB1582A0FBC6A0008C814 /* OrderMainManager.swift in Sources */ = {isa = PBXBuildFile; fileRef = C01BB1572A0FBC6A0008C814 /* OrderMainManager.swift */; };
		C01BB15A2A0FBC740008C814 /* OrderMainViewController.swift in Sources */ = {isa = PBXBuildFile; fileRef = C01BB1592A0FBC740008C814 /* OrderMainViewController.swift */; };
		C01BB15C2A0FBC7B0008C814 /* OrderMainView.swift in Sources */ = {isa = PBXBuildFile; fileRef = C01BB15B2A0FBC7B0008C814 /* OrderMainView.swift */; };
		C01BB15E2A0FBC830008C814 /* HomeManager.swift in Sources */ = {isa = PBXBuildFile; fileRef = C01BB15D2A0FBC830008C814 /* HomeManager.swift */; };
		C01BB1622A0FBC930008C814 /* HomeView.swift in Sources */ = {isa = PBXBuildFile; fileRef = C01BB1612A0FBC930008C814 /* HomeView.swift */; };
		C01BB1642A0FBC9F0008C814 /* OrderDetailManager.swift in Sources */ = {isa = PBXBuildFile; fileRef = C01BB1632A0FBC9F0008C814 /* OrderDetailManager.swift */; };
		C01BB1722A0FBD2F0008C814 /* CustomExtension.docc in Sources */ = {isa = PBXBuildFile; fileRef = C01BB1712A0FBD2F0008C814 /* CustomExtension.docc */; };
		C01BB1782A0FBD2F0008C814 /* CustomExtension.framework in Frameworks */ = {isa = PBXBuildFile; fileRef = C01BB16E2A0FBD2F0008C814 /* CustomExtension.framework */; };
		C01BB1802A0FBD2F0008C814 /* CustomExtension.h in Headers */ = {isa = PBXBuildFile; fileRef = C01BB1702A0FBD2F0008C814 /* CustomExtension.h */; settings = {ATTRIBUTES = (Public, ); }; };
		C01BB1832A0FBD2F0008C814 /* CustomExtension.framework in Frameworks */ = {isa = PBXBuildFile; fileRef = C01BB16E2A0FBD2F0008C814 /* CustomExtension.framework */; };
		C01BB1842A0FBD2F0008C814 /* CustomExtension.framework in Embed Frameworks */ = {isa = PBXBuildFile; fileRef = C01BB16E2A0FBD2F0008C814 /* CustomExtension.framework */; settings = {ATTRIBUTES = (CodeSignOnCopy, RemoveHeadersOnCopy, ); }; };
		C01BB18D2A0FBD560008C814 /* CollectionViewCellReuseProtocol.swift in Sources */ = {isa = PBXBuildFile; fileRef = C01BB18C2A0FBD560008C814 /* CollectionViewCellReuseProtocol.swift */; };
		C01BB18F2A0FBDBE0008C814 /* TableViewCellReuseProtocol.swift in Sources */ = {isa = PBXBuildFile; fileRef = C01BB18E2A0FBDBE0008C814 /* TableViewCellReuseProtocol.swift */; };
		C01BB1922A0FBDF10008C814 /* Constant.swift in Sources */ = {isa = PBXBuildFile; fileRef = C01BB1912A0FBDF10008C814 /* Constant.swift */; };
		C01BB1952A0FBE310008C814 /* UIView+.swift in Sources */ = {isa = PBXBuildFile; fileRef = C01BB1942A0FBE310008C814 /* UIView+.swift */; };
		C01BB1972A0FBEAA0008C814 /* String+.swift in Sources */ = {isa = PBXBuildFile; fileRef = C01BB1962A0FBEAA0008C814 /* String+.swift */; };
		C01BB1992A0FBEFC0008C814 /* UIControl+.swift in Sources */ = {isa = PBXBuildFile; fileRef = C01BB1982A0FBEFC0008C814 /* UIControl+.swift */; };
/* End PBXBuildFile section */

/* Begin PBXContainerItemProxy section */
		C01BB10D2A0FB70C0008C814 /* PBXContainerItemProxy */ = {
			isa = PBXContainerItemProxy;
			containerPortal = C01BB0D82A0FB27B0008C814 /* Project object */;
			proxyType = 1;
			remoteGlobalIDString = C01BB1012A0FB70C0008C814;
			remoteInfo = DesignSystem;
		};
		C01BB10F2A0FB70C0008C814 /* PBXContainerItemProxy */ = {
			isa = PBXContainerItemProxy;
			containerPortal = C01BB0D82A0FB27B0008C814 /* Project object */;
			proxyType = 1;
			remoteGlobalIDString = C01BB0DF2A0FB27B0008C814;
			remoteInfo = "BeaMin-iOS";
		};
		C01BB1152A0FB70C0008C814 /* PBXContainerItemProxy */ = {
			isa = PBXContainerItemProxy;
			containerPortal = C01BB0D82A0FB27B0008C814 /* Project object */;
			proxyType = 1;
			remoteGlobalIDString = C01BB1012A0FB70C0008C814;
			remoteInfo = DesignSystem;
		};
		C01BB1792A0FBD2F0008C814 /* PBXContainerItemProxy */ = {
			isa = PBXContainerItemProxy;
			containerPortal = C01BB0D82A0FB27B0008C814 /* Project object */;
			proxyType = 1;
			remoteGlobalIDString = C01BB16D2A0FBD2E0008C814;
			remoteInfo = CustomExtension;
		};
		C01BB17B2A0FBD2F0008C814 /* PBXContainerItemProxy */ = {
			isa = PBXContainerItemProxy;
			containerPortal = C01BB0D82A0FB27B0008C814 /* Project object */;
			proxyType = 1;
			remoteGlobalIDString = C01BB0DF2A0FB27B0008C814;
			remoteInfo = "BeaMin-iOS";
		};
		C01BB1812A0FBD2F0008C814 /* PBXContainerItemProxy */ = {
			isa = PBXContainerItemProxy;
			containerPortal = C01BB0D82A0FB27B0008C814 /* Project object */;
			proxyType = 1;
			remoteGlobalIDString = C01BB16D2A0FBD2E0008C814;
			remoteInfo = CustomExtension;
		};
/* End PBXContainerItemProxy section */

/* Begin PBXCopyFilesBuildPhase section */
		C01BB11C2A0FB70C0008C814 /* Embed Frameworks */ = {
			isa = PBXCopyFilesBuildPhase;
			buildActionMask = 2147483647;
			dstPath = "";
			dstSubfolderSpec = 10;
			files = (
				C01BB1182A0FB70C0008C814 /* DesignSystem.framework in Embed Frameworks */,
				C01BB1842A0FBD2F0008C814 /* CustomExtension.framework in Embed Frameworks */,
			);
			name = "Embed Frameworks";
			runOnlyForDeploymentPostprocessing = 0;
		};
/* End PBXCopyFilesBuildPhase section */

/* Begin PBXFileReference section */
		A4D727052A15DC0A00A00E16 /* CustomTabBarItem.swift */ = {isa = PBXFileReference; lastKnownFileType = sourcecode.swift; path = CustomTabBarItem.swift; sourceTree = "<group>"; };
		A4D727072A15DC8700A00E16 /* UIButton+.swift */ = {isa = PBXFileReference; lastKnownFileType = sourcecode.swift; path = "UIButton+.swift"; sourceTree = "<group>"; };
		A4D727092A15DCEF00A00E16 /* CustomTabBarView.swift */ = {isa = PBXFileReference; lastKnownFileType = sourcecode.swift; path = CustomTabBarView.swift; sourceTree = "<group>"; };
		A4D7270B2A15DD8700A00E16 /* HomeViewController.swift */ = {isa = PBXFileReference; lastKnownFileType = sourcecode.swift; path = HomeViewController.swift; sourceTree = "<group>"; };
		C0066C112A11F56A00EC40FB /* BMHANNAPro.ttf */ = {isa = PBXFileReference; lastKnownFileType = file; path = BMHANNAPro.ttf; sourceTree = "<group>"; };
		C0066C172A127AF800EC40FB /* OrderDetail.swift */ = {isa = PBXFileReference; lastKnownFileType = sourcecode.swift; path = OrderDetail.swift; sourceTree = "<group>"; };
		C0066C192A127F2F00EC40FB /* Home.swift */ = {isa = PBXFileReference; lastKnownFileType = sourcecode.swift; path = Home.swift; sourceTree = "<group>"; };
		C0066C1B2A139F4B00EC40FB /* StoreDetail.swift */ = {isa = PBXFileReference; lastKnownFileType = sourcecode.swift; path = StoreDetail.swift; sourceTree = "<group>"; };
		C00E1C872A13A80900F87D5B /* OrderDetailHeaderView.swift */ = {isa = PBXFileReference; lastKnownFileType = sourcecode.swift; path = OrderDetailHeaderView.swift; sourceTree = "<group>"; };
		C00E1C8B2A13ABB400F87D5B /* OrderDetailViewController.swift */ = {isa = PBXFileReference; lastKnownFileType = sourcecode.swift; path = OrderDetailViewController.swift; sourceTree = "<group>"; };
		C00E1C8D2A13B83F00F87D5B /* Int+.swift */ = {isa = PBXFileReference; lastKnownFileType = sourcecode.swift; path = "Int+.swift"; sourceTree = "<group>"; };
		C00E1C912A13BDA400F87D5B /* AddMenuTableViewCell.swift */ = {isa = PBXFileReference; lastKnownFileType = sourcecode.swift; path = AddMenuTableViewCell.swift; sourceTree = "<group>"; };
		C00E1C942A13BE4400F87D5B /* CheckBox.swift */ = {isa = PBXFileReference; lastKnownFileType = sourcecode.swift; path = CheckBox.swift; sourceTree = "<group>"; };
		C00E1C962A13DAFB00F87D5B /* OrderDetailSectionHeaderView.swift */ = {isa = PBXFileReference; lastKnownFileType = sourcecode.swift; path = OrderDetailSectionHeaderView.swift; sourceTree = "<group>"; };
		C00E1C982A13DB3700F87D5B /* ChoiceChipView.swift */ = {isa = PBXFileReference; lastKnownFileType = sourcecode.swift; path = ChoiceChipView.swift; sourceTree = "<group>"; };
		C00E1C9C2A13F28B00F87D5B /* BMBasicButton.swift */ = {isa = PBXFileReference; lastKnownFileType = sourcecode.swift; path = BMBasicButton.swift; sourceTree = "<group>"; };
		C00E1C9E2A13F4B900F87D5B /* PriceInfoView.swift */ = {isa = PBXFileReference; lastKnownFileType = sourcecode.swift; path = PriceInfoView.swift; sourceTree = "<group>"; };
		C00E1CA02A13F88300F87D5B /* SeperateView.swift */ = {isa = PBXFileReference; lastKnownFileType = sourcecode.swift; path = SeperateView.swift; sourceTree = "<group>"; };
		C00E1CA22A13F9E900F87D5B /* OrderDetailFooterViewView.swift */ = {isa = PBXFileReference; lastKnownFileType = sourcecode.swift; path = OrderDetailFooterViewView.swift; sourceTree = "<group>"; };
		C00E1CA42A13FA5700F87D5B /* MenuStepperView.swift */ = {isa = PBXFileReference; lastKnownFileType = sourcecode.swift; path = MenuStepperView.swift; sourceTree = "<group>"; };
		C00E1CA62A147C1100F87D5B /* BMNavigationBar.swift */ = {isa = PBXFileReference; lastKnownFileType = sourcecode.swift; path = BMNavigationBar.swift; sourceTree = "<group>"; };
		C00E1CA92A162BFB00F87D5B /* Card.swift */ = {isa = PBXFileReference; lastKnownFileType = sourcecode.swift; path = Card.swift; sourceTree = "<group>"; };
		C01BB0E02A0FB27B0008C814 /* BeaMin-iOS.app */ = {isa = PBXFileReference; explicitFileType = wrapper.application; includeInIndex = 0; path = "BeaMin-iOS.app"; sourceTree = BUILT_PRODUCTS_DIR; };
		C01BB0E32A0FB27B0008C814 /* AppDelegate.swift */ = {isa = PBXFileReference; lastKnownFileType = sourcecode.swift; path = AppDelegate.swift; sourceTree = "<group>"; };
		C01BB0E52A0FB27B0008C814 /* SceneDelegate.swift */ = {isa = PBXFileReference; lastKnownFileType = sourcecode.swift; path = SceneDelegate.swift; sourceTree = "<group>"; };
		C01BB0E72A0FB27B0008C814 /* TestViewController.swift */ = {isa = PBXFileReference; lastKnownFileType = sourcecode.swift; path = TestViewController.swift; sourceTree = "<group>"; };
		C01BB0EC2A0FB27C0008C814 /* Assets.xcassets */ = {isa = PBXFileReference; lastKnownFileType = folder.assetcatalog; path = Assets.xcassets; sourceTree = "<group>"; };
		C01BB0F12A0FB27C0008C814 /* Info.plist */ = {isa = PBXFileReference; lastKnownFileType = text.plist.xml; path = Info.plist; sourceTree = "<group>"; };
		C01BB1022A0FB70C0008C814 /* DesignSystem.framework */ = {isa = PBXFileReference; explicitFileType = wrapper.framework; includeInIndex = 0; path = DesignSystem.framework; sourceTree = BUILT_PRODUCTS_DIR; };
		C01BB1042A0FB70C0008C814 /* DesignSystem.h */ = {isa = PBXFileReference; lastKnownFileType = sourcecode.c.h; path = DesignSystem.h; sourceTree = "<group>"; };
		C01BB1052A0FB70C0008C814 /* DesignSystem.docc */ = {isa = PBXFileReference; lastKnownFileType = folder.documentationcatalog; path = DesignSystem.docc; sourceTree = "<group>"; };
		C01BB10B2A0FB70C0008C814 /* DesignSystemTests.xctest */ = {isa = PBXFileReference; explicitFileType = wrapper.cfbundle; includeInIndex = 0; path = DesignSystemTests.xctest; sourceTree = BUILT_PRODUCTS_DIR; };
		C01BB1212A0FB7200008C814 /* Font.swift */ = {isa = PBXFileReference; lastKnownFileType = sourcecode.swift; path = Font.swift; sourceTree = "<group>"; };
		C01BB1232A0FB73F0008C814 /* UIFont+.swift */ = {isa = PBXFileReference; lastKnownFileType = sourcecode.swift; path = "UIFont+.swift"; sourceTree = "<group>"; };
		C01BB1342A0FB8630008C814 /* Pretendard-Medium.ttf */ = {isa = PBXFileReference; lastKnownFileType = file; path = "Pretendard-Medium.ttf"; sourceTree = "<group>"; };
		C01BB1352A0FB8630008C814 /* Pretendard-Bold.ttf */ = {isa = PBXFileReference; lastKnownFileType = file; path = "Pretendard-Bold.ttf"; sourceTree = "<group>"; };
		C01BB1362A0FB8640008C814 /* Pretendard-Light.ttf */ = {isa = PBXFileReference; lastKnownFileType = file; path = "Pretendard-Light.ttf"; sourceTree = "<group>"; };
		C01BB1372A0FB8640008C814 /* Pretendard-ExtraLight.ttf */ = {isa = PBXFileReference; lastKnownFileType = file; path = "Pretendard-ExtraLight.ttf"; sourceTree = "<group>"; };
		C01BB1382A0FB8640008C814 /* Pretendard-Thin.ttf */ = {isa = PBXFileReference; lastKnownFileType = file; path = "Pretendard-Thin.ttf"; sourceTree = "<group>"; };
		C01BB1392A0FB8640008C814 /* Pretendard-Regular.ttf */ = {isa = PBXFileReference; lastKnownFileType = file; path = "Pretendard-Regular.ttf"; sourceTree = "<group>"; };
		C01BB13A2A0FB8640008C814 /* Pretendard-SemiBold.ttf */ = {isa = PBXFileReference; lastKnownFileType = file; path = "Pretendard-SemiBold.ttf"; sourceTree = "<group>"; };
		C01BB1432A0FBAA70008C814 /* Palette.swift */ = {isa = PBXFileReference; lastKnownFileType = sourcecode.swift; path = Palette.swift; sourceTree = "<group>"; };
		C01BB1452A0FBAEB0008C814 /* UIColor+.swift */ = {isa = PBXFileReference; lastKnownFileType = sourcecode.swift; path = "UIColor+.swift"; sourceTree = "<group>"; };
		C01BB1472A0FBB5E0008C814 /* CGColor+.swift */ = {isa = PBXFileReference; lastKnownFileType = sourcecode.swift; path = "CGColor+.swift"; sourceTree = "<group>"; };
		C01BB1572A0FBC6A0008C814 /* OrderMainManager.swift */ = {isa = PBXFileReference; lastKnownFileType = sourcecode.swift; path = OrderMainManager.swift; sourceTree = "<group>"; };
		C01BB1592A0FBC740008C814 /* OrderMainViewController.swift */ = {isa = PBXFileReference; lastKnownFileType = sourcecode.swift; path = OrderMainViewController.swift; sourceTree = "<group>"; };
		C01BB15B2A0FBC7B0008C814 /* OrderMainView.swift */ = {isa = PBXFileReference; lastKnownFileType = sourcecode.swift; path = OrderMainView.swift; sourceTree = "<group>"; };
		C01BB15D2A0FBC830008C814 /* HomeManager.swift */ = {isa = PBXFileReference; lastKnownFileType = sourcecode.swift; path = HomeManager.swift; sourceTree = "<group>"; };
		C01BB1612A0FBC930008C814 /* HomeView.swift */ = {isa = PBXFileReference; lastKnownFileType = sourcecode.swift; path = HomeView.swift; sourceTree = "<group>"; };
		C01BB1632A0FBC9F0008C814 /* OrderDetailManager.swift */ = {isa = PBXFileReference; lastKnownFileType = sourcecode.swift; path = OrderDetailManager.swift; sourceTree = "<group>"; };
		C01BB16E2A0FBD2F0008C814 /* CustomExtension.framework */ = {isa = PBXFileReference; explicitFileType = wrapper.framework; includeInIndex = 0; path = CustomExtension.framework; sourceTree = BUILT_PRODUCTS_DIR; };
		C01BB1702A0FBD2F0008C814 /* CustomExtension.h */ = {isa = PBXFileReference; lastKnownFileType = sourcecode.c.h; path = CustomExtension.h; sourceTree = "<group>"; };
		C01BB1712A0FBD2F0008C814 /* CustomExtension.docc */ = {isa = PBXFileReference; lastKnownFileType = folder.documentationcatalog; path = CustomExtension.docc; sourceTree = "<group>"; };
		C01BB1772A0FBD2F0008C814 /* CustomExtensionTests.xctest */ = {isa = PBXFileReference; explicitFileType = wrapper.cfbundle; includeInIndex = 0; path = CustomExtensionTests.xctest; sourceTree = BUILT_PRODUCTS_DIR; };
		C01BB18C2A0FBD560008C814 /* CollectionViewCellReuseProtocol.swift */ = {isa = PBXFileReference; lastKnownFileType = sourcecode.swift; path = CollectionViewCellReuseProtocol.swift; sourceTree = "<group>"; };
		C01BB18E2A0FBDBE0008C814 /* TableViewCellReuseProtocol.swift */ = {isa = PBXFileReference; lastKnownFileType = sourcecode.swift; path = TableViewCellReuseProtocol.swift; sourceTree = "<group>"; };
		C01BB1912A0FBDF10008C814 /* Constant.swift */ = {isa = PBXFileReference; lastKnownFileType = sourcecode.swift; path = Constant.swift; sourceTree = "<group>"; };
		C01BB1942A0FBE310008C814 /* UIView+.swift */ = {isa = PBXFileReference; lastKnownFileType = sourcecode.swift; path = "UIView+.swift"; sourceTree = "<group>"; };
		C01BB1962A0FBEAA0008C814 /* String+.swift */ = {isa = PBXFileReference; lastKnownFileType = sourcecode.swift; path = "String+.swift"; sourceTree = "<group>"; };
		C01BB1982A0FBEFC0008C814 /* UIControl+.swift */ = {isa = PBXFileReference; lastKnownFileType = sourcecode.swift; path = "UIControl+.swift"; sourceTree = "<group>"; };
/* End PBXFileReference section */

/* Begin PBXFrameworksBuildPhase section */
		C01BB0DD2A0FB27B0008C814 /* Frameworks */ = {
			isa = PBXFrameworksBuildPhase;
			buildActionMask = 2147483647;
			files = (
				C01BB1172A0FB70C0008C814 /* DesignSystem.framework in Frameworks */,
				C01BB1832A0FBD2F0008C814 /* CustomExtension.framework in Frameworks */,
				C01BB0F92A0FB6CA0008C814 /* SnapKit in Frameworks */,
				C01BB0FC2A0FB6D10008C814 /* Then in Frameworks */,
			);
			runOnlyForDeploymentPostprocessing = 0;
		};
		C01BB0FF2A0FB70C0008C814 /* Frameworks */ = {
			isa = PBXFrameworksBuildPhase;
			buildActionMask = 2147483647;
			files = (
			);
			runOnlyForDeploymentPostprocessing = 0;
		};
		C01BB1082A0FB70C0008C814 /* Frameworks */ = {
			isa = PBXFrameworksBuildPhase;
			buildActionMask = 2147483647;
			files = (
				C01BB10C2A0FB70C0008C814 /* DesignSystem.framework in Frameworks */,
			);
			runOnlyForDeploymentPostprocessing = 0;
		};
		C01BB16B2A0FBD2E0008C814 /* Frameworks */ = {
			isa = PBXFrameworksBuildPhase;
			buildActionMask = 2147483647;
			files = (
			);
			runOnlyForDeploymentPostprocessing = 0;
		};
		C01BB1742A0FBD2F0008C814 /* Frameworks */ = {
			isa = PBXFrameworksBuildPhase;
			buildActionMask = 2147483647;
			files = (
				C01BB1782A0FBD2F0008C814 /* CustomExtension.framework in Frameworks */,
			);
			runOnlyForDeploymentPostprocessing = 0;
		};
/* End PBXFrameworksBuildPhase section */

/* Begin PBXGroup section */
		A4D727042A15DBE100A00E16 /* CustomTabBar */ = {
			isa = PBXGroup;
			children = (
				A4D727052A15DC0A00A00E16 /* CustomTabBarItem.swift */,
				A4D727092A15DCEF00A00E16 /* CustomTabBarView.swift */,
			);
			path = CustomTabBar;
			sourceTree = "<group>";
		};
		C0066C132A127A5600EC40FB /* Data */ = {
			isa = PBXGroup;
			children = (
				C00E1CA82A162BE900F87D5B /* Cart */,
				C0066C162A127A7100EC40FB /* Home */,
				C0066C152A127A6900EC40FB /* OrderDetail */,
				C0066C142A127A5E00EC40FB /* OrderMain */,
			);
			path = Data;
			sourceTree = "<group>";
		};
		C0066C142A127A5E00EC40FB /* OrderMain */ = {
			isa = PBXGroup;
			children = (
				C0066C1B2A139F4B00EC40FB /* StoreDetail.swift */,
			);
			path = OrderMain;
			sourceTree = "<group>";
		};
		C0066C152A127A6900EC40FB /* OrderDetail */ = {
			isa = PBXGroup;
			children = (
				C0066C172A127AF800EC40FB /* OrderDetail.swift */,
			);
			path = OrderDetail;
			sourceTree = "<group>";
		};
		C0066C162A127A7100EC40FB /* Home */ = {
			isa = PBXGroup;
			children = (
				C0066C192A127F2F00EC40FB /* Home.swift */,
			);
			path = Home;
			sourceTree = "<group>";
		};
		C00E1C8F2A13BD4100F87D5B /* Cell */ = {
			isa = PBXGroup;
			children = (
				C00E1C912A13BDA400F87D5B /* AddMenuTableViewCell.swift */,
			);
			path = Cell;
			sourceTree = "<group>";
		};
		C00E1C902A13BD5400F87D5B /* View */ = {
			isa = PBXGroup;
			children = (
				C00E1C932A13BE2F00F87D5B /* Component */,
				C00E1C872A13A80900F87D5B /* OrderDetailHeaderView.swift */,
				C00E1C962A13DAFB00F87D5B /* OrderDetailSectionHeaderView.swift */,
				C00E1C9E2A13F4B900F87D5B /* PriceInfoView.swift */,
				C00E1CA22A13F9E900F87D5B /* OrderDetailFooterViewView.swift */,
			);
			path = View;
			sourceTree = "<group>";
		};
		C00E1C932A13BE2F00F87D5B /* Component */ = {
			isa = PBXGroup;
			children = (
				C00E1C942A13BE4400F87D5B /* CheckBox.swift */,
				C00E1C982A13DB3700F87D5B /* ChoiceChipView.swift */,
				C00E1C9C2A13F28B00F87D5B /* BMBasicButton.swift */,
				C00E1CA02A13F88300F87D5B /* SeperateView.swift */,
				C00E1CA42A13FA5700F87D5B /* MenuStepperView.swift */,
				C00E1CA62A147C1100F87D5B /* BMNavigationBar.swift */,
			);
			path = Component;
			sourceTree = "<group>";
		};
		C00E1CA82A162BE900F87D5B /* Cart */ = {
			isa = PBXGroup;
			children = (
				C00E1CA92A162BFB00F87D5B /* Card.swift */,
			);
			path = Cart;
			sourceTree = "<group>";
		};
		C01BB0D72A0FB27B0008C814 = {
			isa = PBXGroup;
			children = (
				C01BB0E22A0FB27B0008C814 /* BeaMin-iOS */,
				C01BB1032A0FB70C0008C814 /* DesignSystem */,
				C01BB16F2A0FBD2F0008C814 /* CustomExtension */,
				C01BB0E12A0FB27B0008C814 /* Products */,
			);
			sourceTree = "<group>";
		};
		C01BB0E12A0FB27B0008C814 /* Products */ = {
			isa = PBXGroup;
			children = (
				C01BB0E02A0FB27B0008C814 /* BeaMin-iOS.app */,
				C01BB1022A0FB70C0008C814 /* DesignSystem.framework */,
				C01BB10B2A0FB70C0008C814 /* DesignSystemTests.xctest */,
				C01BB16E2A0FBD2F0008C814 /* CustomExtension.framework */,
				C01BB1772A0FBD2F0008C814 /* CustomExtensionTests.xctest */,
			);
			name = Products;
			sourceTree = "<group>";
		};
		C01BB0E22A0FB27B0008C814 /* BeaMin-iOS */ = {
			isa = PBXGroup;
			children = (
				C0066C132A127A5600EC40FB /* Data */,
				C01BB14A2A0FBBCD0008C814 /* Presenter */,
				C01BB1492A0FBBA30008C814 /* App */,
				C01BB0E72A0FB27B0008C814 /* TestViewController.swift */,
				C01BB0F12A0FB27C0008C814 /* Info.plist */,
			);
			path = "BeaMin-iOS";
			sourceTree = "<group>";
		};
		C01BB1032A0FB70C0008C814 /* DesignSystem */ = {
			isa = PBXGroup;
			children = (
				C01BB1422A0FBA960008C814 /* Palette */,
				C01BB1252A0FB74A0008C814 /* Fonts */,
				C01BB1202A0FB7160008C814 /* Font */,
				C01BB1042A0FB70C0008C814 /* DesignSystem.h */,
				C01BB1052A0FB70C0008C814 /* DesignSystem.docc */,
			);
			path = DesignSystem;
			sourceTree = "<group>";
		};
		C01BB1202A0FB7160008C814 /* Font */ = {
			isa = PBXGroup;
			children = (
				C01BB1212A0FB7200008C814 /* Font.swift */,
				C01BB1232A0FB73F0008C814 /* UIFont+.swift */,
			);
			path = Font;
			sourceTree = "<group>";
		};
		C01BB1252A0FB74A0008C814 /* Fonts */ = {
			isa = PBXGroup;
			children = (
				C0066C112A11F56A00EC40FB /* BMHANNAPro.ttf */,
				C01BB1352A0FB8630008C814 /* Pretendard-Bold.ttf */,
				C01BB1372A0FB8640008C814 /* Pretendard-ExtraLight.ttf */,
				C01BB1362A0FB8640008C814 /* Pretendard-Light.ttf */,
				C01BB1342A0FB8630008C814 /* Pretendard-Medium.ttf */,
				C01BB1392A0FB8640008C814 /* Pretendard-Regular.ttf */,
				C01BB13A2A0FB8640008C814 /* Pretendard-SemiBold.ttf */,
				C01BB1382A0FB8640008C814 /* Pretendard-Thin.ttf */,
			);
			path = Fonts;
			sourceTree = "<group>";
		};
		C01BB1422A0FBA960008C814 /* Palette */ = {
			isa = PBXGroup;
			children = (
				C01BB1432A0FBAA70008C814 /* Palette.swift */,
				C01BB1452A0FBAEB0008C814 /* UIColor+.swift */,
				C01BB1472A0FBB5E0008C814 /* CGColor+.swift */,
			);
			path = Palette;
			sourceTree = "<group>";
		};
		C01BB1492A0FBBA30008C814 /* App */ = {
			isa = PBXGroup;
			children = (
				C01BB0E32A0FB27B0008C814 /* AppDelegate.swift */,
				C01BB0E52A0FB27B0008C814 /* SceneDelegate.swift */,
				C01BB0EC2A0FB27C0008C814 /* Assets.xcassets */,
			);
			path = App;
			sourceTree = "<group>";
		};
		C01BB14A2A0FBBCD0008C814 /* Presenter */ = {
			isa = PBXGroup;
			children = (
				C01BB14D2A0FBBFC0008C814 /* OrderDetail */,
				C01BB14C2A0FBBEF0008C814 /* OrderMain */,
				C01BB14B2A0FBBE50008C814 /* Home */,
			);
			path = Presenter;
			sourceTree = "<group>";
		};
		C01BB14B2A0FBBE50008C814 /* Home */ = {
			isa = PBXGroup;
			children = (
				C01BB1562A0FBC480008C814 /* Manager */,
				C01BB1552A0FBC420008C814 /* ViewController */,
				C01BB1542A0FBC3E0008C814 /* View */,
			);
			path = Home;
			sourceTree = "<group>";
		};
		C01BB14C2A0FBBEF0008C814 /* OrderMain */ = {
			isa = PBXGroup;
			children = (
				C01BB1532A0FBC330008C814 /* Manager */,
				C01BB1522A0FBC2F0008C814 /* ViewController */,
				C01BB1512A0FBC2A0008C814 /* View */,
			);
			path = OrderMain;
			sourceTree = "<group>";
		};
		C01BB14D2A0FBBFC0008C814 /* OrderDetail */ = {
			isa = PBXGroup;
			children = (
				C01BB1502A0FBC240008C814 /* Manager */,
				C01BB14F2A0FBC1D0008C814 /* ViewController */,
				C01BB14E2A0FBC120008C814 /* Views */,
			);
			path = OrderDetail;
			sourceTree = "<group>";
		};
		C01BB14E2A0FBC120008C814 /* Views */ = {
			isa = PBXGroup;
			children = (
				C00E1C902A13BD5400F87D5B /* View */,
				C00E1C8F2A13BD4100F87D5B /* Cell */,
			);
			path = Views;
			sourceTree = "<group>";
		};
		C01BB14F2A0FBC1D0008C814 /* ViewController */ = {
			isa = PBXGroup;
			children = (
				C00E1C8B2A13ABB400F87D5B /* OrderDetailViewController.swift */,
			);
			path = ViewController;
			sourceTree = "<group>";
		};
		C01BB1502A0FBC240008C814 /* Manager */ = {
			isa = PBXGroup;
			children = (
				C01BB1632A0FBC9F0008C814 /* OrderDetailManager.swift */,
			);
			path = Manager;
			sourceTree = "<group>";
		};
		C01BB1512A0FBC2A0008C814 /* View */ = {
			isa = PBXGroup;
			children = (
				C01BB15B2A0FBC7B0008C814 /* OrderMainView.swift */,
			);
			path = View;
			sourceTree = "<group>";
		};
		C01BB1522A0FBC2F0008C814 /* ViewController */ = {
			isa = PBXGroup;
			children = (
				C01BB1592A0FBC740008C814 /* OrderMainViewController.swift */,
			);
			path = ViewController;
			sourceTree = "<group>";
		};
		C01BB1532A0FBC330008C814 /* Manager */ = {
			isa = PBXGroup;
			children = (
				C01BB1572A0FBC6A0008C814 /* OrderMainManager.swift */,
			);
			path = Manager;
			sourceTree = "<group>";
		};
		C01BB1542A0FBC3E0008C814 /* View */ = {
			isa = PBXGroup;
			children = (
				A4D727042A15DBE100A00E16 /* CustomTabBar */,
				C01BB1612A0FBC930008C814 /* HomeView.swift */,
			);
			path = View;
			sourceTree = "<group>";
		};
		C01BB1552A0FBC420008C814 /* ViewController */ = {
			isa = PBXGroup;
			children = (
				A4D7270B2A15DD8700A00E16 /* HomeViewController.swift */,
			);
			path = ViewController;
			sourceTree = "<group>";
		};
		C01BB1562A0FBC480008C814 /* Manager */ = {
			isa = PBXGroup;
			children = (
				C01BB15D2A0FBC830008C814 /* HomeManager.swift */,
			);
			path = Manager;
			sourceTree = "<group>";
		};
		C01BB16F2A0FBD2F0008C814 /* CustomExtension */ = {
			isa = PBXGroup;
			children = (
				C01BB1932A0FBE240008C814 /* Extenstions */,
				C01BB1902A0FBDE60008C814 /* Constant */,
				C01BB18B2A0FBD420008C814 /* Protocol */,
				C01BB1702A0FBD2F0008C814 /* CustomExtension.h */,
				C01BB1712A0FBD2F0008C814 /* CustomExtension.docc */,
			);
			path = CustomExtension;
			sourceTree = "<group>";
		};
		C01BB18B2A0FBD420008C814 /* Protocol */ = {
			isa = PBXGroup;
			children = (
				C01BB18C2A0FBD560008C814 /* CollectionViewCellReuseProtocol.swift */,
				C01BB18E2A0FBDBE0008C814 /* TableViewCellReuseProtocol.swift */,
			);
			path = Protocol;
			sourceTree = "<group>";
		};
		C01BB1902A0FBDE60008C814 /* Constant */ = {
			isa = PBXGroup;
			children = (
				C01BB1912A0FBDF10008C814 /* Constant.swift */,
			);
			path = Constant;
			sourceTree = "<group>";
		};
		C01BB1932A0FBE240008C814 /* Extenstions */ = {
			isa = PBXGroup;
			children = (
				C01BB1942A0FBE310008C814 /* UIView+.swift */,
				C01BB1962A0FBEAA0008C814 /* String+.swift */,
				C01BB1982A0FBEFC0008C814 /* UIControl+.swift */,
				C00E1C8D2A13B83F00F87D5B /* Int+.swift */,
				A4D727072A15DC8700A00E16 /* UIButton+.swift */,
			);
			path = Extenstions;
			sourceTree = "<group>";
		};
/* End PBXGroup section */

/* Begin PBXHeadersBuildPhase section */
		C01BB0FD2A0FB70C0008C814 /* Headers */ = {
			isa = PBXHeadersBuildPhase;
			buildActionMask = 2147483647;
			files = (
				C01BB1142A0FB70C0008C814 /* DesignSystem.h in Headers */,
			);
			runOnlyForDeploymentPostprocessing = 0;
		};
		C01BB1692A0FBD2E0008C814 /* Headers */ = {
			isa = PBXHeadersBuildPhase;
			buildActionMask = 2147483647;
			files = (
				C01BB1802A0FBD2F0008C814 /* CustomExtension.h in Headers */,
			);
			runOnlyForDeploymentPostprocessing = 0;
		};
/* End PBXHeadersBuildPhase section */

/* Begin PBXNativeTarget section */
		C01BB0DF2A0FB27B0008C814 /* BeaMin-iOS */ = {
			isa = PBXNativeTarget;
			buildConfigurationList = C01BB0F42A0FB27C0008C814 /* Build configuration list for PBXNativeTarget "BeaMin-iOS" */;
			buildPhases = (
				C01BB0DC2A0FB27B0008C814 /* Sources */,
				C01BB0DD2A0FB27B0008C814 /* Frameworks */,
				C01BB0DE2A0FB27B0008C814 /* Resources */,
				C01BB11C2A0FB70C0008C814 /* Embed Frameworks */,
			);
			buildRules = (
			);
			dependencies = (
				C01BB1162A0FB70C0008C814 /* PBXTargetDependency */,
				C01BB1822A0FBD2F0008C814 /* PBXTargetDependency */,
			);
			name = "BeaMin-iOS";
			packageProductDependencies = (
				C01BB0F82A0FB6CA0008C814 /* SnapKit */,
				C01BB0FB2A0FB6D10008C814 /* Then */,
			);
			productName = "BeaMin-iOS";
			productReference = C01BB0E02A0FB27B0008C814 /* BeaMin-iOS.app */;
			productType = "com.apple.product-type.application";
		};
		C01BB1012A0FB70C0008C814 /* DesignSystem */ = {
			isa = PBXNativeTarget;
			buildConfigurationList = C01BB1192A0FB70C0008C814 /* Build configuration list for PBXNativeTarget "DesignSystem" */;
			buildPhases = (
				C01BB0FD2A0FB70C0008C814 /* Headers */,
				C01BB0FE2A0FB70C0008C814 /* Sources */,
				C01BB0FF2A0FB70C0008C814 /* Frameworks */,
				C01BB1002A0FB70C0008C814 /* Resources */,
			);
			buildRules = (
			);
			dependencies = (
			);
			name = DesignSystem;
			productName = DesignSystem;
			productReference = C01BB1022A0FB70C0008C814 /* DesignSystem.framework */;
			productType = "com.apple.product-type.framework";
		};
		C01BB10A2A0FB70C0008C814 /* DesignSystemTests */ = {
			isa = PBXNativeTarget;
			buildConfigurationList = C01BB11D2A0FB70C0008C814 /* Build configuration list for PBXNativeTarget "DesignSystemTests" */;
			buildPhases = (
				C01BB1072A0FB70C0008C814 /* Sources */,
				C01BB1082A0FB70C0008C814 /* Frameworks */,
				C01BB1092A0FB70C0008C814 /* Resources */,
			);
			buildRules = (
			);
			dependencies = (
				C01BB10E2A0FB70C0008C814 /* PBXTargetDependency */,
				C01BB1102A0FB70C0008C814 /* PBXTargetDependency */,
			);
			name = DesignSystemTests;
			productName = DesignSystemTests;
			productReference = C01BB10B2A0FB70C0008C814 /* DesignSystemTests.xctest */;
			productType = "com.apple.product-type.bundle.unit-test";
		};
		C01BB16D2A0FBD2E0008C814 /* CustomExtension */ = {
			isa = PBXNativeTarget;
			buildConfigurationList = C01BB1852A0FBD2F0008C814 /* Build configuration list for PBXNativeTarget "CustomExtension" */;
			buildPhases = (
				C01BB1692A0FBD2E0008C814 /* Headers */,
				C01BB16A2A0FBD2E0008C814 /* Sources */,
				C01BB16B2A0FBD2E0008C814 /* Frameworks */,
				C01BB16C2A0FBD2E0008C814 /* Resources */,
			);
			buildRules = (
			);
			dependencies = (
			);
			name = CustomExtension;
			productName = CustomExtension;
			productReference = C01BB16E2A0FBD2F0008C814 /* CustomExtension.framework */;
			productType = "com.apple.product-type.framework";
		};
		C01BB1762A0FBD2F0008C814 /* CustomExtensionTests */ = {
			isa = PBXNativeTarget;
			buildConfigurationList = C01BB1882A0FBD2F0008C814 /* Build configuration list for PBXNativeTarget "CustomExtensionTests" */;
			buildPhases = (
				C01BB1732A0FBD2F0008C814 /* Sources */,
				C01BB1742A0FBD2F0008C814 /* Frameworks */,
				C01BB1752A0FBD2F0008C814 /* Resources */,
			);
			buildRules = (
			);
			dependencies = (
				C01BB17A2A0FBD2F0008C814 /* PBXTargetDependency */,
				C01BB17C2A0FBD2F0008C814 /* PBXTargetDependency */,
			);
			name = CustomExtensionTests;
			productName = CustomExtensionTests;
			productReference = C01BB1772A0FBD2F0008C814 /* CustomExtensionTests.xctest */;
			productType = "com.apple.product-type.bundle.unit-test";
		};
/* End PBXNativeTarget section */

/* Begin PBXProject section */
		C01BB0D82A0FB27B0008C814 /* Project object */ = {
			isa = PBXProject;
			attributes = {
				BuildIndependentTargetsInParallel = 1;
				LastSwiftUpdateCheck = 1430;
				LastUpgradeCheck = 1430;
				TargetAttributes = {
					C01BB0DF2A0FB27B0008C814 = {
						CreatedOnToolsVersion = 14.3;
					};
					C01BB1012A0FB70C0008C814 = {
						CreatedOnToolsVersion = 14.3;
					};
					C01BB10A2A0FB70C0008C814 = {
						CreatedOnToolsVersion = 14.3;
						TestTargetID = C01BB0DF2A0FB27B0008C814;
					};
					C01BB16D2A0FBD2E0008C814 = {
						CreatedOnToolsVersion = 14.3;
					};
					C01BB1762A0FBD2F0008C814 = {
						CreatedOnToolsVersion = 14.3;
						TestTargetID = C01BB0DF2A0FB27B0008C814;
					};
				};
			};
			buildConfigurationList = C01BB0DB2A0FB27B0008C814 /* Build configuration list for PBXProject "BeaMin-iOS" */;
			compatibilityVersion = "Xcode 14.0";
			developmentRegion = en;
			hasScannedForEncodings = 0;
			knownRegions = (
				en,
				Base,
			);
			mainGroup = C01BB0D72A0FB27B0008C814;
			packageReferences = (
				C01BB0F72A0FB6CA0008C814 /* XCRemoteSwiftPackageReference "SnapKit" */,
				C01BB0FA2A0FB6D10008C814 /* XCRemoteSwiftPackageReference "Then" */,
			);
			productRefGroup = C01BB0E12A0FB27B0008C814 /* Products */;
			projectDirPath = "";
			projectRoot = "";
			targets = (
				C01BB0DF2A0FB27B0008C814 /* BeaMin-iOS */,
				C01BB1012A0FB70C0008C814 /* DesignSystem */,
				C01BB10A2A0FB70C0008C814 /* DesignSystemTests */,
				C01BB16D2A0FBD2E0008C814 /* CustomExtension */,
				C01BB1762A0FBD2F0008C814 /* CustomExtensionTests */,
			);
		};
/* End PBXProject section */

/* Begin PBXResourcesBuildPhase section */
		C01BB0DE2A0FB27B0008C814 /* Resources */ = {
			isa = PBXResourcesBuildPhase;
			buildActionMask = 2147483647;
			files = (
				C01BB1412A0FB8640008C814 /* Pretendard-SemiBold.ttf in Resources */,
				C01BB13F2A0FB8640008C814 /* Pretendard-Thin.ttf in Resources */,
				C01BB1402A0FB8640008C814 /* Pretendard-Regular.ttf in Resources */,
				C01BB13B2A0FB8640008C814 /* Pretendard-Medium.ttf in Resources */,
				C01BB13C2A0FB8640008C814 /* Pretendard-Bold.ttf in Resources */,
				C0066C122A11F56A00EC40FB /* BMHANNAPro.ttf in Resources */,
				C01BB13E2A0FB8640008C814 /* Pretendard-ExtraLight.ttf in Resources */,
				C01BB13D2A0FB8640008C814 /* Pretendard-Light.ttf in Resources */,
				C01BB0ED2A0FB27C0008C814 /* Assets.xcassets in Resources */,
			);
			runOnlyForDeploymentPostprocessing = 0;
		};
		C01BB1002A0FB70C0008C814 /* Resources */ = {
			isa = PBXResourcesBuildPhase;
			buildActionMask = 2147483647;
			files = (
			);
			runOnlyForDeploymentPostprocessing = 0;
		};
		C01BB1092A0FB70C0008C814 /* Resources */ = {
			isa = PBXResourcesBuildPhase;
			buildActionMask = 2147483647;
			files = (
			);
			runOnlyForDeploymentPostprocessing = 0;
		};
		C01BB16C2A0FBD2E0008C814 /* Resources */ = {
			isa = PBXResourcesBuildPhase;
			buildActionMask = 2147483647;
			files = (
			);
			runOnlyForDeploymentPostprocessing = 0;
		};
		C01BB1752A0FBD2F0008C814 /* Resources */ = {
			isa = PBXResourcesBuildPhase;
			buildActionMask = 2147483647;
			files = (
			);
			runOnlyForDeploymentPostprocessing = 0;
		};
/* End PBXResourcesBuildPhase section */

/* Begin PBXSourcesBuildPhase section */
		C01BB0DC2A0FB27B0008C814 /* Sources */ = {
			isa = PBXSourcesBuildPhase;
			buildActionMask = 2147483647;
			files = (
				C00E1C9F2A13F4B900F87D5B /* PriceInfoView.swift in Sources */,
				C01BB1622A0FBC930008C814 /* HomeView.swift in Sources */,
				C0066C1C2A139F4B00EC40FB /* StoreDetail.swift in Sources */,
				C00E1CA52A13FA5700F87D5B /* MenuStepperView.swift in Sources */,
				C00E1CA72A147C1100F87D5B /* BMNavigationBar.swift in Sources */,
				C01BB1642A0FBC9F0008C814 /* OrderDetailManager.swift in Sources */,
				C01BB0E82A0FB27B0008C814 /* TestViewController.swift in Sources */,
				C00E1C952A13BE4400F87D5B /* CheckBox.swift in Sources */,
				C01BB1582A0FBC6A0008C814 /* OrderMainManager.swift in Sources */,
				A4D7270A2A15DCEF00A00E16 /* CustomTabBarView.swift in Sources */,
				C01BB15E2A0FBC830008C814 /* HomeManager.swift in Sources */,
				C00E1C922A13BDA400F87D5B /* AddMenuTableViewCell.swift in Sources */,
				C00E1CA12A13F88300F87D5B /* SeperateView.swift in Sources */,
				C0066C1A2A127F2F00EC40FB /* Home.swift in Sources */,
				A4D727062A15DC0A00A00E16 /* CustomTabBarItem.swift in Sources */,
				C0066C182A127AF800EC40FB /* OrderDetail.swift in Sources */,
				C00E1C8C2A13ABB400F87D5B /* OrderDetailViewController.swift in Sources */,
				C00E1C972A13DAFB00F87D5B /* OrderDetailSectionHeaderView.swift in Sources */,
				C00E1C882A13A80900F87D5B /* OrderDetailHeaderView.swift in Sources */,
				A4D7270C2A15DD8700A00E16 /* HomeViewController.swift in Sources */,
				C00E1C992A13DB3700F87D5B /* ChoiceChipView.swift in Sources */,
				C00E1C9D2A13F28B00F87D5B /* BMBasicButton.swift in Sources */,
				C01BB0E42A0FB27B0008C814 /* AppDelegate.swift in Sources */,
				C00E1CAA2A162BFB00F87D5B /* Card.swift in Sources */,
				C00E1CA32A13F9E900F87D5B /* OrderDetailFooterViewView.swift in Sources */,
				C01BB15A2A0FBC740008C814 /* OrderMainViewController.swift in Sources */,
				C01BB15C2A0FBC7B0008C814 /* OrderMainView.swift in Sources */,
				C01BB0E62A0FB27B0008C814 /* SceneDelegate.swift in Sources */,
			);
			runOnlyForDeploymentPostprocessing = 0;
		};
		C01BB0FE2A0FB70C0008C814 /* Sources */ = {
			isa = PBXSourcesBuildPhase;
			buildActionMask = 2147483647;
			files = (
				C01BB1222A0FB7200008C814 /* Font.swift in Sources */,
				C01BB1242A0FB73F0008C814 /* UIFont+.swift in Sources */,
				C01BB1062A0FB70C0008C814 /* DesignSystem.docc in Sources */,
				C01BB1482A0FBB5E0008C814 /* CGColor+.swift in Sources */,
				C01BB1442A0FBAA70008C814 /* Palette.swift in Sources */,
				C01BB1462A0FBAEB0008C814 /* UIColor+.swift in Sources */,
			);
			runOnlyForDeploymentPostprocessing = 0;
		};
		C01BB1072A0FB70C0008C814 /* Sources */ = {
			isa = PBXSourcesBuildPhase;
			buildActionMask = 2147483647;
			files = (
			);
			runOnlyForDeploymentPostprocessing = 0;
		};
		C01BB16A2A0FBD2E0008C814 /* Sources */ = {
			isa = PBXSourcesBuildPhase;
			buildActionMask = 2147483647;
			files = (
				C01BB18F2A0FBDBE0008C814 /* TableViewCellReuseProtocol.swift in Sources */,
				C01BB1722A0FBD2F0008C814 /* CustomExtension.docc in Sources */,
				C01BB18D2A0FBD560008C814 /* CollectionViewCellReuseProtocol.swift in Sources */,
				C00E1C8E2A13B83F00F87D5B /* Int+.swift in Sources */,
				A4D727082A15DC8700A00E16 /* UIButton+.swift in Sources */,
				C01BB1922A0FBDF10008C814 /* Constant.swift in Sources */,
				C01BB1992A0FBEFC0008C814 /* UIControl+.swift in Sources */,
				C01BB1972A0FBEAA0008C814 /* String+.swift in Sources */,
				C01BB1952A0FBE310008C814 /* UIView+.swift in Sources */,
			);
			runOnlyForDeploymentPostprocessing = 0;
		};
		C01BB1732A0FBD2F0008C814 /* Sources */ = {
			isa = PBXSourcesBuildPhase;
			buildActionMask = 2147483647;
			files = (
			);
			runOnlyForDeploymentPostprocessing = 0;
		};
/* End PBXSourcesBuildPhase section */

/* Begin PBXTargetDependency section */
		C01BB10E2A0FB70C0008C814 /* PBXTargetDependency */ = {
			isa = PBXTargetDependency;
			target = C01BB1012A0FB70C0008C814 /* DesignSystem */;
			targetProxy = C01BB10D2A0FB70C0008C814 /* PBXContainerItemProxy */;
		};
		C01BB1102A0FB70C0008C814 /* PBXTargetDependency */ = {
			isa = PBXTargetDependency;
			target = C01BB0DF2A0FB27B0008C814 /* BeaMin-iOS */;
			targetProxy = C01BB10F2A0FB70C0008C814 /* PBXContainerItemProxy */;
		};
		C01BB1162A0FB70C0008C814 /* PBXTargetDependency */ = {
			isa = PBXTargetDependency;
			target = C01BB1012A0FB70C0008C814 /* DesignSystem */;
			targetProxy = C01BB1152A0FB70C0008C814 /* PBXContainerItemProxy */;
		};
		C01BB17A2A0FBD2F0008C814 /* PBXTargetDependency */ = {
			isa = PBXTargetDependency;
			target = C01BB16D2A0FBD2E0008C814 /* CustomExtension */;
			targetProxy = C01BB1792A0FBD2F0008C814 /* PBXContainerItemProxy */;
		};
		C01BB17C2A0FBD2F0008C814 /* PBXTargetDependency */ = {
			isa = PBXTargetDependency;
			target = C01BB0DF2A0FB27B0008C814 /* BeaMin-iOS */;
			targetProxy = C01BB17B2A0FBD2F0008C814 /* PBXContainerItemProxy */;
		};
		C01BB1822A0FBD2F0008C814 /* PBXTargetDependency */ = {
			isa = PBXTargetDependency;
			target = C01BB16D2A0FBD2E0008C814 /* CustomExtension */;
			targetProxy = C01BB1812A0FBD2F0008C814 /* PBXContainerItemProxy */;
		};
/* End PBXTargetDependency section */

/* Begin XCBuildConfiguration section */
		C01BB0F22A0FB27C0008C814 /* Debug */ = {
			isa = XCBuildConfiguration;
			buildSettings = {
				ALWAYS_SEARCH_USER_PATHS = NO;
				CLANG_ANALYZER_NONNULL = YES;
				CLANG_ANALYZER_NUMBER_OBJECT_CONVERSION = YES_AGGRESSIVE;
				CLANG_CXX_LANGUAGE_STANDARD = "gnu++20";
				CLANG_ENABLE_MODULES = YES;
				CLANG_ENABLE_OBJC_ARC = YES;
				CLANG_ENABLE_OBJC_WEAK = YES;
				CLANG_WARN_BLOCK_CAPTURE_AUTORELEASING = YES;
				CLANG_WARN_BOOL_CONVERSION = YES;
				CLANG_WARN_COMMA = YES;
				CLANG_WARN_CONSTANT_CONVERSION = YES;
				CLANG_WARN_DEPRECATED_OBJC_IMPLEMENTATIONS = YES;
				CLANG_WARN_DIRECT_OBJC_ISA_USAGE = YES_ERROR;
				CLANG_WARN_DOCUMENTATION_COMMENTS = YES;
				CLANG_WARN_EMPTY_BODY = YES;
				CLANG_WARN_ENUM_CONVERSION = YES;
				CLANG_WARN_INFINITE_RECURSION = YES;
				CLANG_WARN_INT_CONVERSION = YES;
				CLANG_WARN_NON_LITERAL_NULL_CONVERSION = YES;
				CLANG_WARN_OBJC_IMPLICIT_RETAIN_SELF = YES;
				CLANG_WARN_OBJC_LITERAL_CONVERSION = YES;
				CLANG_WARN_OBJC_ROOT_CLASS = YES_ERROR;
				CLANG_WARN_QUOTED_INCLUDE_IN_FRAMEWORK_HEADER = YES;
				CLANG_WARN_RANGE_LOOP_ANALYSIS = YES;
				CLANG_WARN_STRICT_PROTOTYPES = YES;
				CLANG_WARN_SUSPICIOUS_MOVE = YES;
				CLANG_WARN_UNGUARDED_AVAILABILITY = YES_AGGRESSIVE;
				CLANG_WARN_UNREACHABLE_CODE = YES;
				CLANG_WARN__DUPLICATE_METHOD_MATCH = YES;
				COPY_PHASE_STRIP = NO;
				DEBUG_INFORMATION_FORMAT = dwarf;
				ENABLE_STRICT_OBJC_MSGSEND = YES;
				ENABLE_TESTABILITY = YES;
				GCC_C_LANGUAGE_STANDARD = gnu11;
				GCC_DYNAMIC_NO_PIC = NO;
				GCC_NO_COMMON_BLOCKS = YES;
				GCC_OPTIMIZATION_LEVEL = 0;
				GCC_PREPROCESSOR_DEFINITIONS = (
					"DEBUG=1",
					"$(inherited)",
				);
				GCC_WARN_64_TO_32_BIT_CONVERSION = YES;
				GCC_WARN_ABOUT_RETURN_TYPE = YES_ERROR;
				GCC_WARN_UNDECLARED_SELECTOR = YES;
				GCC_WARN_UNINITIALIZED_AUTOS = YES_AGGRESSIVE;
				GCC_WARN_UNUSED_FUNCTION = YES;
				GCC_WARN_UNUSED_VARIABLE = YES;
				IPHONEOS_DEPLOYMENT_TARGET = 16.4;
				MTL_ENABLE_DEBUG_INFO = INCLUDE_SOURCE;
				MTL_FAST_MATH = YES;
				ONLY_ACTIVE_ARCH = YES;
				SDKROOT = iphoneos;
				SWIFT_ACTIVE_COMPILATION_CONDITIONS = DEBUG;
				SWIFT_OPTIMIZATION_LEVEL = "-Onone";
			};
			name = Debug;
		};
		C01BB0F32A0FB27C0008C814 /* Release */ = {
			isa = XCBuildConfiguration;
			buildSettings = {
				ALWAYS_SEARCH_USER_PATHS = NO;
				CLANG_ANALYZER_NONNULL = YES;
				CLANG_ANALYZER_NUMBER_OBJECT_CONVERSION = YES_AGGRESSIVE;
				CLANG_CXX_LANGUAGE_STANDARD = "gnu++20";
				CLANG_ENABLE_MODULES = YES;
				CLANG_ENABLE_OBJC_ARC = YES;
				CLANG_ENABLE_OBJC_WEAK = YES;
				CLANG_WARN_BLOCK_CAPTURE_AUTORELEASING = YES;
				CLANG_WARN_BOOL_CONVERSION = YES;
				CLANG_WARN_COMMA = YES;
				CLANG_WARN_CONSTANT_CONVERSION = YES;
				CLANG_WARN_DEPRECATED_OBJC_IMPLEMENTATIONS = YES;
				CLANG_WARN_DIRECT_OBJC_ISA_USAGE = YES_ERROR;
				CLANG_WARN_DOCUMENTATION_COMMENTS = YES;
				CLANG_WARN_EMPTY_BODY = YES;
				CLANG_WARN_ENUM_CONVERSION = YES;
				CLANG_WARN_INFINITE_RECURSION = YES;
				CLANG_WARN_INT_CONVERSION = YES;
				CLANG_WARN_NON_LITERAL_NULL_CONVERSION = YES;
				CLANG_WARN_OBJC_IMPLICIT_RETAIN_SELF = YES;
				CLANG_WARN_OBJC_LITERAL_CONVERSION = YES;
				CLANG_WARN_OBJC_ROOT_CLASS = YES_ERROR;
				CLANG_WARN_QUOTED_INCLUDE_IN_FRAMEWORK_HEADER = YES;
				CLANG_WARN_RANGE_LOOP_ANALYSIS = YES;
				CLANG_WARN_STRICT_PROTOTYPES = YES;
				CLANG_WARN_SUSPICIOUS_MOVE = YES;
				CLANG_WARN_UNGUARDED_AVAILABILITY = YES_AGGRESSIVE;
				CLANG_WARN_UNREACHABLE_CODE = YES;
				CLANG_WARN__DUPLICATE_METHOD_MATCH = YES;
				COPY_PHASE_STRIP = NO;
				DEBUG_INFORMATION_FORMAT = "dwarf-with-dsym";
				ENABLE_NS_ASSERTIONS = NO;
				ENABLE_STRICT_OBJC_MSGSEND = YES;
				GCC_C_LANGUAGE_STANDARD = gnu11;
				GCC_NO_COMMON_BLOCKS = YES;
				GCC_WARN_64_TO_32_BIT_CONVERSION = YES;
				GCC_WARN_ABOUT_RETURN_TYPE = YES_ERROR;
				GCC_WARN_UNDECLARED_SELECTOR = YES;
				GCC_WARN_UNINITIALIZED_AUTOS = YES_AGGRESSIVE;
				GCC_WARN_UNUSED_FUNCTION = YES;
				GCC_WARN_UNUSED_VARIABLE = YES;
				IPHONEOS_DEPLOYMENT_TARGET = 16.4;
				MTL_ENABLE_DEBUG_INFO = NO;
				MTL_FAST_MATH = YES;
				SDKROOT = iphoneos;
				SWIFT_COMPILATION_MODE = wholemodule;
				SWIFT_OPTIMIZATION_LEVEL = "-O";
				VALIDATE_PRODUCT = YES;
			};
			name = Release;
		};
		C01BB0F52A0FB27C0008C814 /* Debug */ = {
			isa = XCBuildConfiguration;
			buildSettings = {
				ALWAYS_EMBED_SWIFT_STANDARD_LIBRARIES = YES;
				ASSETCATALOG_COMPILER_APPICON_NAME = AppIcon;
				ASSETCATALOG_COMPILER_GLOBAL_ACCENT_COLOR_NAME = AccentColor;
				CODE_SIGN_STYLE = Automatic;
				CURRENT_PROJECT_VERSION = 1;
				DEVELOPMENT_TEAM = Z225784MRD;
				GENERATE_INFOPLIST_FILE = YES;
				INFOPLIST_FILE = "BeaMin-iOS/Info.plist";
				INFOPLIST_KEY_UIApplicationSupportsIndirectInputEvents = YES;
				INFOPLIST_KEY_UILaunchStoryboardName = LaunchScreen;
				INFOPLIST_KEY_UISupportedInterfaceOrientations_iPad = "UIInterfaceOrientationPortrait UIInterfaceOrientationPortraitUpsideDown UIInterfaceOrientationLandscapeLeft UIInterfaceOrientationLandscapeRight";
				INFOPLIST_KEY_UISupportedInterfaceOrientations_iPhone = "UIInterfaceOrientationPortrait UIInterfaceOrientationLandscapeLeft UIInterfaceOrientationLandscapeRight";
				LD_RUNPATH_SEARCH_PATHS = (
					"$(inherited)",
					"@executable_path/Frameworks",
				);
				MARKETING_VERSION = 1.0;
				PRODUCT_BUNDLE_IDENTIFIER = "uikit.BeaMin-iOS";
				PRODUCT_NAME = "$(TARGET_NAME)";
				SWIFT_EMIT_LOC_STRINGS = YES;
				SWIFT_VERSION = 5.0;
				TARGETED_DEVICE_FAMILY = "1,2";
			};
			name = Debug;
		};
		C01BB0F62A0FB27C0008C814 /* Release */ = {
			isa = XCBuildConfiguration;
			buildSettings = {
				ALWAYS_EMBED_SWIFT_STANDARD_LIBRARIES = YES;
				ASSETCATALOG_COMPILER_APPICON_NAME = AppIcon;
				ASSETCATALOG_COMPILER_GLOBAL_ACCENT_COLOR_NAME = AccentColor;
				CODE_SIGN_STYLE = Automatic;
				CURRENT_PROJECT_VERSION = 1;
				DEVELOPMENT_TEAM = Z225784MRD;
				GENERATE_INFOPLIST_FILE = YES;
				INFOPLIST_FILE = "BeaMin-iOS/Info.plist";
				INFOPLIST_KEY_UIApplicationSupportsIndirectInputEvents = YES;
				INFOPLIST_KEY_UILaunchStoryboardName = LaunchScreen;
				INFOPLIST_KEY_UISupportedInterfaceOrientations_iPad = "UIInterfaceOrientationPortrait UIInterfaceOrientationPortraitUpsideDown UIInterfaceOrientationLandscapeLeft UIInterfaceOrientationLandscapeRight";
				INFOPLIST_KEY_UISupportedInterfaceOrientations_iPhone = "UIInterfaceOrientationPortrait UIInterfaceOrientationLandscapeLeft UIInterfaceOrientationLandscapeRight";
				LD_RUNPATH_SEARCH_PATHS = (
					"$(inherited)",
					"@executable_path/Frameworks",
				);
				MARKETING_VERSION = 1.0;
				PRODUCT_BUNDLE_IDENTIFIER = "uikit.BeaMin-iOS";
				PRODUCT_NAME = "$(TARGET_NAME)";
				SWIFT_EMIT_LOC_STRINGS = YES;
				SWIFT_VERSION = 5.0;
				TARGETED_DEVICE_FAMILY = "1,2";
			};
			name = Release;
		};
		C01BB11A2A0FB70C0008C814 /* Debug */ = {
			isa = XCBuildConfiguration;
			buildSettings = {
				CODE_SIGN_STYLE = Automatic;
				CURRENT_PROJECT_VERSION = 1;
				DEFINES_MODULE = YES;
				DEVELOPMENT_TEAM = Z225784MRD;
				DYLIB_COMPATIBILITY_VERSION = 1;
				DYLIB_CURRENT_VERSION = 1;
				DYLIB_INSTALL_NAME_BASE = "@rpath";
				ENABLE_MODULE_VERIFIER = YES;
				GENERATE_INFOPLIST_FILE = YES;
				INFOPLIST_KEY_NSHumanReadableCopyright = "";
				INSTALL_PATH = "$(LOCAL_LIBRARY_DIR)/Frameworks";
				LD_RUNPATH_SEARCH_PATHS = (
					"$(inherited)",
					"@executable_path/Frameworks",
					"@loader_path/Frameworks",
				);
				MARKETING_VERSION = 1.0;
				MODULE_VERIFIER_SUPPORTED_LANGUAGES = "objective-c objective-c++";
				MODULE_VERIFIER_SUPPORTED_LANGUAGE_STANDARDS = "gnu11 gnu++20";
				PRODUCT_BUNDLE_IDENTIFIER = uikit.DesignSystem;
				PRODUCT_NAME = "$(TARGET_NAME:c99extidentifier)";
				SKIP_INSTALL = YES;
				SWIFT_EMIT_LOC_STRINGS = YES;
				SWIFT_VERSION = 5.0;
				TARGETED_DEVICE_FAMILY = "1,2";
				VERSIONING_SYSTEM = "apple-generic";
				VERSION_INFO_PREFIX = "";
			};
			name = Debug;
		};
		C01BB11B2A0FB70C0008C814 /* Release */ = {
			isa = XCBuildConfiguration;
			buildSettings = {
				CODE_SIGN_STYLE = Automatic;
				CURRENT_PROJECT_VERSION = 1;
				DEFINES_MODULE = YES;
				DEVELOPMENT_TEAM = Z225784MRD;
				DYLIB_COMPATIBILITY_VERSION = 1;
				DYLIB_CURRENT_VERSION = 1;
				DYLIB_INSTALL_NAME_BASE = "@rpath";
				ENABLE_MODULE_VERIFIER = YES;
				GENERATE_INFOPLIST_FILE = YES;
				INFOPLIST_KEY_NSHumanReadableCopyright = "";
				INSTALL_PATH = "$(LOCAL_LIBRARY_DIR)/Frameworks";
				LD_RUNPATH_SEARCH_PATHS = (
					"$(inherited)",
					"@executable_path/Frameworks",
					"@loader_path/Frameworks",
				);
				MARKETING_VERSION = 1.0;
				MODULE_VERIFIER_SUPPORTED_LANGUAGES = "objective-c objective-c++";
				MODULE_VERIFIER_SUPPORTED_LANGUAGE_STANDARDS = "gnu11 gnu++20";
				PRODUCT_BUNDLE_IDENTIFIER = uikit.DesignSystem;
				PRODUCT_NAME = "$(TARGET_NAME:c99extidentifier)";
				SKIP_INSTALL = YES;
				SWIFT_EMIT_LOC_STRINGS = YES;
				SWIFT_VERSION = 5.0;
				TARGETED_DEVICE_FAMILY = "1,2";
				VERSIONING_SYSTEM = "apple-generic";
				VERSION_INFO_PREFIX = "";
			};
			name = Release;
		};
		C01BB11E2A0FB70C0008C814 /* Debug */ = {
			isa = XCBuildConfiguration;
			buildSettings = {
				ALWAYS_EMBED_SWIFT_STANDARD_LIBRARIES = YES;
				CODE_SIGN_STYLE = Automatic;
				CURRENT_PROJECT_VERSION = 1;
				DEVELOPMENT_TEAM = Z225784MRD;
				GENERATE_INFOPLIST_FILE = YES;
				MARKETING_VERSION = 1.0;
				PRODUCT_BUNDLE_IDENTIFIER = uikit.DesignSystemTests;
				PRODUCT_NAME = "$(TARGET_NAME)";
				SWIFT_EMIT_LOC_STRINGS = NO;
				SWIFT_VERSION = 5.0;
				TARGETED_DEVICE_FAMILY = "1,2";
				TEST_HOST = "$(BUILT_PRODUCTS_DIR)/BeaMin-iOS.app/$(BUNDLE_EXECUTABLE_FOLDER_PATH)/BeaMin-iOS";
			};
			name = Debug;
		};
		C01BB11F2A0FB70C0008C814 /* Release */ = {
			isa = XCBuildConfiguration;
			buildSettings = {
				ALWAYS_EMBED_SWIFT_STANDARD_LIBRARIES = YES;
				CODE_SIGN_STYLE = Automatic;
				CURRENT_PROJECT_VERSION = 1;
				DEVELOPMENT_TEAM = Z225784MRD;
				GENERATE_INFOPLIST_FILE = YES;
				MARKETING_VERSION = 1.0;
				PRODUCT_BUNDLE_IDENTIFIER = uikit.DesignSystemTests;
				PRODUCT_NAME = "$(TARGET_NAME)";
				SWIFT_EMIT_LOC_STRINGS = NO;
				SWIFT_VERSION = 5.0;
				TARGETED_DEVICE_FAMILY = "1,2";
				TEST_HOST = "$(BUILT_PRODUCTS_DIR)/BeaMin-iOS.app/$(BUNDLE_EXECUTABLE_FOLDER_PATH)/BeaMin-iOS";
			};
			name = Release;
		};
		C01BB1862A0FBD2F0008C814 /* Debug */ = {
			isa = XCBuildConfiguration;
			buildSettings = {
				CODE_SIGN_STYLE = Automatic;
				CURRENT_PROJECT_VERSION = 1;
				DEFINES_MODULE = YES;
				DEVELOPMENT_TEAM = Z225784MRD;
				DYLIB_COMPATIBILITY_VERSION = 1;
				DYLIB_CURRENT_VERSION = 1;
				DYLIB_INSTALL_NAME_BASE = "@rpath";
				ENABLE_MODULE_VERIFIER = YES;
				GENERATE_INFOPLIST_FILE = YES;
				INFOPLIST_KEY_NSHumanReadableCopyright = "";
				INSTALL_PATH = "$(LOCAL_LIBRARY_DIR)/Frameworks";
				LD_RUNPATH_SEARCH_PATHS = (
					"$(inherited)",
					"@executable_path/Frameworks",
					"@loader_path/Frameworks",
				);
				MARKETING_VERSION = 1.0;
				MODULE_VERIFIER_SUPPORTED_LANGUAGES = "objective-c objective-c++";
				MODULE_VERIFIER_SUPPORTED_LANGUAGE_STANDARDS = "gnu11 gnu++20";
				PRODUCT_BUNDLE_IDENTIFIER = uikit.CustomExtension;
				PRODUCT_NAME = "$(TARGET_NAME:c99extidentifier)";
				SKIP_INSTALL = YES;
				SWIFT_EMIT_LOC_STRINGS = YES;
				SWIFT_VERSION = 5.0;
				TARGETED_DEVICE_FAMILY = "1,2";
				VERSIONING_SYSTEM = "apple-generic";
				VERSION_INFO_PREFIX = "";
			};
			name = Debug;
		};
		C01BB1872A0FBD2F0008C814 /* Release */ = {
			isa = XCBuildConfiguration;
			buildSettings = {
				CODE_SIGN_STYLE = Automatic;
				CURRENT_PROJECT_VERSION = 1;
				DEFINES_MODULE = YES;
				DEVELOPMENT_TEAM = Z225784MRD;
				DYLIB_COMPATIBILITY_VERSION = 1;
				DYLIB_CURRENT_VERSION = 1;
				DYLIB_INSTALL_NAME_BASE = "@rpath";
				ENABLE_MODULE_VERIFIER = YES;
				GENERATE_INFOPLIST_FILE = YES;
				INFOPLIST_KEY_NSHumanReadableCopyright = "";
				INSTALL_PATH = "$(LOCAL_LIBRARY_DIR)/Frameworks";
				LD_RUNPATH_SEARCH_PATHS = (
					"$(inherited)",
					"@executable_path/Frameworks",
					"@loader_path/Frameworks",
				);
				MARKETING_VERSION = 1.0;
				MODULE_VERIFIER_SUPPORTED_LANGUAGES = "objective-c objective-c++";
				MODULE_VERIFIER_SUPPORTED_LANGUAGE_STANDARDS = "gnu11 gnu++20";
				PRODUCT_BUNDLE_IDENTIFIER = uikit.CustomExtension;
				PRODUCT_NAME = "$(TARGET_NAME:c99extidentifier)";
				SKIP_INSTALL = YES;
				SWIFT_EMIT_LOC_STRINGS = YES;
				SWIFT_VERSION = 5.0;
				TARGETED_DEVICE_FAMILY = "1,2";
				VERSIONING_SYSTEM = "apple-generic";
				VERSION_INFO_PREFIX = "";
			};
			name = Release;
		};
		C01BB1892A0FBD2F0008C814 /* Debug */ = {
			isa = XCBuildConfiguration;
			buildSettings = {
				ALWAYS_EMBED_SWIFT_STANDARD_LIBRARIES = YES;
				CODE_SIGN_STYLE = Automatic;
				CURRENT_PROJECT_VERSION = 1;
				DEVELOPMENT_TEAM = Z225784MRD;
				GENERATE_INFOPLIST_FILE = YES;
				MARKETING_VERSION = 1.0;
				PRODUCT_BUNDLE_IDENTIFIER = uikit.CustomExtensionTests;
				PRODUCT_NAME = "$(TARGET_NAME)";
				SWIFT_EMIT_LOC_STRINGS = NO;
				SWIFT_VERSION = 5.0;
				TARGETED_DEVICE_FAMILY = "1,2";
				TEST_HOST = "$(BUILT_PRODUCTS_DIR)/BeaMin-iOS.app/$(BUNDLE_EXECUTABLE_FOLDER_PATH)/BeaMin-iOS";
			};
			name = Debug;
		};
		C01BB18A2A0FBD2F0008C814 /* Release */ = {
			isa = XCBuildConfiguration;
			buildSettings = {
				ALWAYS_EMBED_SWIFT_STANDARD_LIBRARIES = YES;
				CODE_SIGN_STYLE = Automatic;
				CURRENT_PROJECT_VERSION = 1;
				DEVELOPMENT_TEAM = Z225784MRD;
				GENERATE_INFOPLIST_FILE = YES;
				MARKETING_VERSION = 1.0;
				PRODUCT_BUNDLE_IDENTIFIER = uikit.CustomExtensionTests;
				PRODUCT_NAME = "$(TARGET_NAME)";
				SWIFT_EMIT_LOC_STRINGS = NO;
				SWIFT_VERSION = 5.0;
				TARGETED_DEVICE_FAMILY = "1,2";
				TEST_HOST = "$(BUILT_PRODUCTS_DIR)/BeaMin-iOS.app/$(BUNDLE_EXECUTABLE_FOLDER_PATH)/BeaMin-iOS";
			};
			name = Release;
		};
/* End XCBuildConfiguration section */

/* Begin XCConfigurationList section */
		C01BB0DB2A0FB27B0008C814 /* Build configuration list for PBXProject "BeaMin-iOS" */ = {
			isa = XCConfigurationList;
			buildConfigurations = (
				C01BB0F22A0FB27C0008C814 /* Debug */,
				C01BB0F32A0FB27C0008C814 /* Release */,
			);
			defaultConfigurationIsVisible = 0;
			defaultConfigurationName = Release;
		};
		C01BB0F42A0FB27C0008C814 /* Build configuration list for PBXNativeTarget "BeaMin-iOS" */ = {
			isa = XCConfigurationList;
			buildConfigurations = (
				C01BB0F52A0FB27C0008C814 /* Debug */,
				C01BB0F62A0FB27C0008C814 /* Release */,
			);
			defaultConfigurationIsVisible = 0;
			defaultConfigurationName = Release;
		};
		C01BB1192A0FB70C0008C814 /* Build configuration list for PBXNativeTarget "DesignSystem" */ = {
			isa = XCConfigurationList;
			buildConfigurations = (
				C01BB11A2A0FB70C0008C814 /* Debug */,
				C01BB11B2A0FB70C0008C814 /* Release */,
			);
			defaultConfigurationIsVisible = 0;
			defaultConfigurationName = Release;
		};
		C01BB11D2A0FB70C0008C814 /* Build configuration list for PBXNativeTarget "DesignSystemTests" */ = {
			isa = XCConfigurationList;
			buildConfigurations = (
				C01BB11E2A0FB70C0008C814 /* Debug */,
				C01BB11F2A0FB70C0008C814 /* Release */,
			);
			defaultConfigurationIsVisible = 0;
			defaultConfigurationName = Release;
		};
		C01BB1852A0FBD2F0008C814 /* Build configuration list for PBXNativeTarget "CustomExtension" */ = {
			isa = XCConfigurationList;
			buildConfigurations = (
				C01BB1862A0FBD2F0008C814 /* Debug */,
				C01BB1872A0FBD2F0008C814 /* Release */,
			);
			defaultConfigurationIsVisible = 0;
			defaultConfigurationName = Release;
		};
		C01BB1882A0FBD2F0008C814 /* Build configuration list for PBXNativeTarget "CustomExtensionTests" */ = {
			isa = XCConfigurationList;
			buildConfigurations = (
				C01BB1892A0FBD2F0008C814 /* Debug */,
				C01BB18A2A0FBD2F0008C814 /* Release */,
			);
			defaultConfigurationIsVisible = 0;
			defaultConfigurationName = Release;
		};
/* End XCConfigurationList section */

/* Begin XCRemoteSwiftPackageReference section */
		C01BB0F72A0FB6CA0008C814 /* XCRemoteSwiftPackageReference "SnapKit" */ = {
			isa = XCRemoteSwiftPackageReference;
			repositoryURL = "https://github.com/SnapKit/SnapKit";
			requirement = {
				kind = upToNextMajorVersion;
				minimumVersion = 5.0.0;
			};
		};
		C01BB0FA2A0FB6D10008C814 /* XCRemoteSwiftPackageReference "Then" */ = {
			isa = XCRemoteSwiftPackageReference;
			repositoryURL = "https://github.com/devxoul/Then";
			requirement = {
				kind = upToNextMajorVersion;
				minimumVersion = 3.0.0;
			};
		};
/* End XCRemoteSwiftPackageReference section */

/* Begin XCSwiftPackageProductDependency section */
		C01BB0F82A0FB6CA0008C814 /* SnapKit */ = {
			isa = XCSwiftPackageProductDependency;
			package = C01BB0F72A0FB6CA0008C814 /* XCRemoteSwiftPackageReference "SnapKit" */;
			productName = SnapKit;
		};
		C01BB0FB2A0FB6D10008C814 /* Then */ = {
			isa = XCSwiftPackageProductDependency;
			package = C01BB0FA2A0FB6D10008C814 /* XCRemoteSwiftPackageReference "Then" */;
			productName = Then;
		};
/* End XCSwiftPackageProductDependency section */
	};
	rootObject = C01BB0D82A0FB27B0008C814 /* Project object */;
}
